
Microsoft Visual Studio Solution File, Format Version 10.00
# Visual Studio 2008
Project("{8BC9CEB8-8B4A-11D0-8D11-00A0C91BC942}") = "T07GLOBLE", "T07GLOBLE.vcproj", "{E078C60F-741D-4802-883B-2E106562E284}"
EndProject
Global
	GlobalSection(SolutionConfigurationPlatforms) = preSolution
		Debug|Win32 = Debug|Win32
		Release|Win32 = Release|Win32
	EndGlobalSection
	GlobalSection(ProjectConfigurationPlatforms) = postSolution
		{E078C60F-741D-4802-883B-2E106562E284}.Debug|Win32.ActiveCfg = Debug|Win32
		{E078C60F-741D-4802-883B-2E106562E284}.Debug|Win32.Build.0 = Debug|Win32
		{E078C60F-741D-4802-883B-2E106562E284}.Release|Win32.ActiveCfg = Release|Win32
		{E078C60F-741D-4802-883B-2E106562E284}.Release|Win32.Build.0 = Release|Win32
	EndGlobalSection
	GlobalSection(SolutionProperties) = preSolution
		HideSolutionNode = FALSE
	EndGlobalSection
EndGlobal
